
Microsoft Visual Studio Solution File, Format Version 12.00
# Visual Studio 15
VisualStudioVersion = 15.0.28307.539
MinimumVisualStudioVersion = 10.0.40219.1
Project("{9A19103F-16F7-4668-BE54-9A1E7A4F7556}") = "WifiAnalyzer.Core", "WifiAnalyzer\WifiAnalyzer.Core.csproj", "{0C21A2EC-9B89-4B4A-B649-0FCB08DE2A17}"
EndProject
Project("{FAE04EC0-301F-11D3-BF4B-00C04F79EFBC}") = "WifiAnalyzer.Droid", "WifiAnalyzer.Droid\WifiAnalyzer.Droid.csproj", "{F764DCF9-1E8E-41BC-A024-842336CC9510}"
EndProject
Global
	GlobalSection(SolutionConfigurationPlatforms) = preSolution
		Debug|Any CPU = Debug|Any CPU
		Release|Any CPU = Release|Any CPU
	EndGlobalSection
	GlobalSection(ProjectConfigurationPlatforms) = postSolution
		{0C21A2EC-9B89-4B4A-B649-0FCB08DE2A17}.Debug|Any CPU.ActiveCfg = Debug|Any CPU
		{0C21A2EC-9B89-4B4A-B649-0FCB08DE2A17}.Debug|Any CPU.Build.0 = Debug|Any CPU
		{0C21A2EC-9B89-4B4A-B649-0FCB08DE2A17}.Release|Any CPU.ActiveCfg = Release|Any CPU
		{0C21A2EC-9B89-4B4A-B649-0FCB08DE2A17}.Release|Any CPU.Build.0 = Release|Any CPU
		{F764DCF9-1E8E-41BC-A024-842336CC9510}.Debug|Any CPU.ActiveCfg = Debug|Any CPU
		{F764DCF9-1E8E-41BC-A024-842336CC9510}.Debug|Any CPU.Build.0 = Debug|Any CPU
		{F764DCF9-1E8E-41BC-A024-842336CC9510}.Debug|Any CPU.Deploy.0 = Debug|Any CPU
		{F764DCF9-1E8E-41BC-A024-842336CC9510}.Release|Any CPU.ActiveCfg = Release|Any CPU
		{F764DCF9-1E8E-41BC-A024-842336CC9510}.Release|Any CPU.Build.0 = Release|Any CPU
		{F764DCF9-1E8E-41BC-A024-842336CC9510}.Release|Any CPU.Deploy.0 = Release|Any CPU
	EndGlobalSection
	GlobalSection(SolutionProperties) = preSolution
		HideSolutionNode = FALSE
	EndGlobalSection
	GlobalSection(ExtensibilityGlobals) = postSolution
		SolutionGuid = {C6AC41CE-2041-48C7-AB44-4AC49420DA56}
	EndGlobalSection
EndGlobal
